
Microsoft Visual Studio Solution File, Format Version 12.00
# Visual Studio 15
VisualStudioVersion = 15.0.28307.645
MinimumVisualStudioVersion = 10.0.40219.1
Project("{8BC9CEB8-8B4A-11D0-8D11-00A0C91BC942}") = "OpenGL_Learn", "OpenGL_Learn\OpenGL_Learn.vcxproj", "{08E863AA-0D1F-4B2D-B559-7DE64849ACCA}"
EndProject
Global
	GlobalSection(SolutionConfigurationPlatforms) = preSolution
		Debug|x64 = Debug|x64
		Debug|x86 = Debug|x86
		Release|x64 = Release|x64
		Release|x86 = Release|x86
	EndGlobalSection
	GlobalSection(ProjectConfigurationPlatforms) = postSolution
		{08E863AA-0D1F-4B2D-B559-7DE64849ACCA}.Debug|x64.ActiveCfg = Debug|x64
		{08E863AA-0D1F-4B2D-B559-7DE64849ACCA}.Debug|x64.Build.0 = Debug|x64
		{08E863AA-0D1F-4B2D-B559-7DE64849ACCA}.Debug|x86.ActiveCfg = Debug|Win32
		{08E863AA-0D1F-4B2D-B559-7DE64849ACCA}.Debug|x86.Build.0 = Debug|Win32
		{08E863AA-0D1F-4B2D-B559-7DE64849ACCA}.Release|x64.ActiveCfg = Release|x64
		{08E863AA-0D1F-4B2D-B559-7DE64849ACCA}.Release|x64.Build.0 = Release|x64
		{08E863AA-0D1F-4B2D-B559-7DE64849ACCA}.Release|x86.ActiveCfg = Release|Win32
		{08E863AA-0D1F-4B2D-B559-7DE64849ACCA}.Release|x86.Build.0 = Release|Win32
	EndGlobalSection
	GlobalSection(SolutionProperties) = preSolution
		HideSolutionNode = FALSE
	EndGlobalSection
	GlobalSection(ExtensibilityGlobals) = postSolution
		SolutionGuid = {2EB2D77A-BA4E-471C-A02B-7908ED5432BD}
	EndGlobalSection
EndGlobal
